// !$*UTF8*$!
{
	archiveVersion = 1;
	classes = {
	};
	objectVersion = 50;
	objects = {

/* Begin PBXBuildFile section */
		B9106800210B18EC00B9449E /* AppDelegate.swift in Sources */ = {isa = PBXBuildFile; fileRef = B91067FF210B18EC00B9449E /* AppDelegate.swift */; };
		B9106802210B18EC00B9449E /* ViewController.swift in Sources */ = {isa = PBXBuildFile; fileRef = B9106801210B18EC00B9449E /* ViewController.swift */; };
		B9106805210B18EC00B9449E /* Main.storyboard in Resources */ = {isa = PBXBuildFile; fileRef = B9106803210B18EC00B9449E /* Main.storyboard */; };
		B9106807210B18F400B9449E /* Assets.xcassets in Resources */ = {isa = PBXBuildFile; fileRef = B9106806210B18F400B9449E /* Assets.xcassets */; };
		B910680A210B18F400B9449E /* LaunchScreen.storyboard in Resources */ = {isa = PBXBuildFile; fileRef = B9106808210B18F400B9449E /* LaunchScreen.storyboard */; };
		B9106815210B18F400B9449E /* iOSTechAssessmentTests.swift in Sources */ = {isa = PBXBuildFile; fileRef = B9106814210B18F400B9449E /* iOSTechAssessmentTests.swift */; };
		B9106820210B18F400B9449E /* iOSTechAssessmentUITests.swift in Sources */ = {isa = PBXBuildFile; fileRef = B910681F210B18F400B9449E /* iOSTechAssessmentUITests.swift */; };
		B9106835210B19EF00B9449E /* ResultModel.swift in Sources */ = {isa = PBXBuildFile; fileRef = B9106834210B19EF00B9449E /* ResultModel.swift */; };
		B9106837210B1A7F00B9449E /* APIClient.swift in Sources */ = {isa = PBXBuildFile; fileRef = B9106836210B1A7F00B9449E /* APIClient.swift */; };
		B9F8632C210B382200600677 /* ItemModel.swift in Sources */ = {isa = PBXBuildFile; fileRef = B9F8632B210B382200600677 /* ItemModel.swift */; };
		B9F8632E210B384400600677 /* MediaItem.swift in Sources */ = {isa = PBXBuildFile; fileRef = B9F8632D210B384400600677 /* MediaItem.swift */; };
		B9F86334210B3E7C00600677 /* ItemViewCell.swift in Sources */ = {isa = PBXBuildFile; fileRef = B9F86333210B3E7C00600677 /* ItemViewCell.swift */; };
		B9F86336210B60E200600677 /* ItemListViewModel.swift in Sources */ = {isa = PBXBuildFile; fileRef = B9F86335210B60E200600677 /* ItemListViewModel.swift */; };
		B9F86338210B612600600677 /* ItemListDataSource.swift in Sources */ = {isa = PBXBuildFile; fileRef = B9F86337210B612600600677 /* ItemListDataSource.swift */; };
		B9F8633A210B61E700600677 /* DynamicValue.swift in Sources */ = {isa = PBXBuildFile; fileRef = B9F86339210B61E700600677 /* DynamicValue.swift */; };
		B9F8633C210B6F0400600677 /* DetailViewController.swift in Sources */ = {isa = PBXBuildFile; fileRef = B9F8633B210B6F0400600677 /* DetailViewController.swift */; };
		B9F8633E210B794200600677 /* ItemCellViewModel.swift in Sources */ = {isa = PBXBuildFile; fileRef = B9F8633D210B794200600677 /* ItemCellViewModel.swift */; };
/* End PBXBuildFile section */

/* Begin PBXContainerItemProxy section */
		B9106811210B18F400B9449E /* PBXContainerItemProxy */ = {
			isa = PBXContainerItemProxy;
			containerPortal = B91067F4210B18EC00B9449E /* Project object */;
			proxyType = 1;
			remoteGlobalIDString = B91067FB210B18EC00B9449E;
			remoteInfo = iOSTechAssessment;
		};
		B910681C210B18F400B9449E /* PBXContainerItemProxy */ = {
			isa = PBXContainerItemProxy;
			containerPortal = B91067F4210B18EC00B9449E /* Project object */;
			proxyType = 1;
			remoteGlobalIDString = B91067FB210B18EC00B9449E;
			remoteInfo = iOSTechAssessment;
		};
/* End PBXContainerItemProxy section */

/* Begin PBXFileReference section */
		B91067FC210B18EC00B9449E /* iOSTechAssessment.app */ = {isa = PBXFileReference; explicitFileType = wrapper.application; includeInIndex = 0; path = iOSTechAssessment.app; sourceTree = BUILT_PRODUCTS_DIR; };
		B91067FF210B18EC00B9449E /* AppDelegate.swift */ = {isa = PBXFileReference; lastKnownFileType = sourcecode.swift; path = AppDelegate.swift; sourceTree = "<group>"; };
		B9106801210B18EC00B9449E /* ViewController.swift */ = {isa = PBXFileReference; lastKnownFileType = sourcecode.swift; path = ViewController.swift; sourceTree = "<group>"; };
		B9106804210B18EC00B9449E /* Base */ = {isa = PBXFileReference; lastKnownFileType = file.storyboard; name = Base; path = Base.lproj/Main.storyboard; sourceTree = "<group>"; };
		B9106806210B18F400B9449E /* Assets.xcassets */ = {isa = PBXFileReference; lastKnownFileType = folder.assetcatalog; path = Assets.xcassets; sourceTree = "<group>"; };
		B9106809210B18F400B9449E /* Base */ = {isa = PBXFileReference; lastKnownFileType = file.storyboard; name = Base; path = Base.lproj/LaunchScreen.storyboard; sourceTree = "<group>"; };
		B910680B210B18F400B9449E /* Info.plist */ = {isa = PBXFileReference; lastKnownFileType = text.plist.xml; path = Info.plist; sourceTree = "<group>"; };
		B9106810210B18F400B9449E /* iOSTechAssessmentTests.xctest */ = {isa = PBXFileReference; explicitFileType = wrapper.cfbundle; includeInIndex = 0; path = iOSTechAssessmentTests.xctest; sourceTree = BUILT_PRODUCTS_DIR; };
		B9106814210B18F400B9449E /* iOSTechAssessmentTests.swift */ = {isa = PBXFileReference; lastKnownFileType = sourcecode.swift; path = iOSTechAssessmentTests.swift; sourceTree = "<group>"; };
		B9106816210B18F400B9449E /* Info.plist */ = {isa = PBXFileReference; lastKnownFileType = text.plist.xml; path = Info.plist; sourceTree = "<group>"; };
		B910681B210B18F400B9449E /* iOSTechAssessmentUITests.xctest */ = {isa = PBXFileReference; explicitFileType = wrapper.cfbundle; includeInIndex = 0; path = iOSTechAssessmentUITests.xctest; sourceTree = BUILT_PRODUCTS_DIR; };
		B910681F210B18F400B9449E /* iOSTechAssessmentUITests.swift */ = {isa = PBXFileReference; lastKnownFileType = sourcecode.swift; path = iOSTechAssessmentUITests.swift; sourceTree = "<group>"; };
		B9106821210B18F400B9449E /* Info.plist */ = {isa = PBXFileReference; lastKnownFileType = text.plist.xml; path = Info.plist; sourceTree = "<group>"; };
		B9106834210B19EF00B9449E /* ResultModel.swift */ = {isa = PBXFileReference; lastKnownFileType = sourcecode.swift; path = ResultModel.swift; sourceTree = "<group>"; };
		B9106836210B1A7F00B9449E /* APIClient.swift */ = {isa = PBXFileReference; lastKnownFileType = sourcecode.swift; path = APIClient.swift; sourceTree = "<group>"; };
		B9F8632B210B382200600677 /* ItemModel.swift */ = {isa = PBXFileReference; lastKnownFileType = sourcecode.swift; path = ItemModel.swift; sourceTree = "<group>"; };
		B9F8632D210B384400600677 /* MediaItem.swift */ = {isa = PBXFileReference; lastKnownFileType = sourcecode.swift; path = MediaItem.swift; sourceTree = "<group>"; };
		B9F86333210B3E7C00600677 /* ItemViewCell.swift */ = {isa = PBXFileReference; lastKnownFileType = sourcecode.swift; path = ItemViewCell.swift; sourceTree = "<group>"; };
		B9F86335210B60E200600677 /* ItemListViewModel.swift */ = {isa = PBXFileReference; lastKnownFileType = sourcecode.swift; path = ItemListViewModel.swift; sourceTree = "<group>"; };
		B9F86337210B612600600677 /* ItemListDataSource.swift */ = {isa = PBXFileReference; lastKnownFileType = sourcecode.swift; path = ItemListDataSource.swift; sourceTree = "<group>"; };
		B9F86339210B61E700600677 /* DynamicValue.swift */ = {isa = PBXFileReference; lastKnownFileType = sourcecode.swift; path = DynamicValue.swift; sourceTree = "<group>"; };
		B9F8633B210B6F0400600677 /* DetailViewController.swift */ = {isa = PBXFileReference; lastKnownFileType = sourcecode.swift; path = DetailViewController.swift; sourceTree = "<group>"; };
		B9F8633D210B794200600677 /* ItemCellViewModel.swift */ = {isa = PBXFileReference; lastKnownFileType = sourcecode.swift; path = ItemCellViewModel.swift; sourceTree = "<group>"; };
/* End PBXFileReference section */

/* Begin PBXFrameworksBuildPhase section */
		B91067F9210B18EC00B9449E /* Frameworks */ = {
			isa = PBXFrameworksBuildPhase;
			buildActionMask = 2147483647;
			files = (
			);
			runOnlyForDeploymentPostprocessing = 0;
		};
		B910680D210B18F400B9449E /* Frameworks */ = {
			isa = PBXFrameworksBuildPhase;
			buildActionMask = 2147483647;
			files = (
			);
			runOnlyForDeploymentPostprocessing = 0;
		};
		B9106818210B18F400B9449E /* Frameworks */ = {
			isa = PBXFrameworksBuildPhase;
			buildActionMask = 2147483647;
			files = (
			);
			runOnlyForDeploymentPostprocessing = 0;
		};
/* End PBXFrameworksBuildPhase section */

/* Begin PBXGroup section */
		B91067F3210B18EC00B9449E = {
			isa = PBXGroup;
			children = (
				B91067FE210B18EC00B9449E /* iOSTechAssessment */,
				B9106813210B18F400B9449E /* iOSTechAssessmentTests */,
				B910681E210B18F400B9449E /* iOSTechAssessmentUITests */,
				B91067FD210B18EC00B9449E /* Products */,
			);
			sourceTree = "<group>";
		};
		B91067FD210B18EC00B9449E /* Products */ = {
			isa = PBXGroup;
			children = (
				B91067FC210B18EC00B9449E /* iOSTechAssessment.app */,
				B9106810210B18F400B9449E /* iOSTechAssessmentTests.xctest */,
				B910681B210B18F400B9449E /* iOSTechAssessmentUITests.xctest */,
			);
			name = Products;
			sourceTree = "<group>";
		};
		B91067FE210B18EC00B9449E /* iOSTechAssessment */ = {
			isa = PBXGroup;
			children = (
				B9F86331210B3ADC00600677 /* ViewModel */,
				B9F8632F210B3AB400600677 /* View */,
				B9106833210B19D900B9449E /* Model */,
				B9106830210B199700B9449E /* Network */,
				B910682D210B191200B9449E /* DefaultMain */,
			);
			path = iOSTechAssessment;
			sourceTree = "<group>";
		};
		B9106813210B18F400B9449E /* iOSTechAssessmentTests */ = {
			isa = PBXGroup;
			children = (
				B9106814210B18F400B9449E /* iOSTechAssessmentTests.swift */,
				B9106816210B18F400B9449E /* Info.plist */,
			);
			path = iOSTechAssessmentTests;
			sourceTree = "<group>";
		};
		B910681E210B18F400B9449E /* iOSTechAssessmentUITests */ = {
			isa = PBXGroup;
			children = (
				B910681F210B18F400B9449E /* iOSTechAssessmentUITests.swift */,
				B9106821210B18F400B9449E /* Info.plist */,
			);
			path = iOSTechAssessmentUITests;
			sourceTree = "<group>";
		};
		B910682D210B191200B9449E /* DefaultMain */ = {
			isa = PBXGroup;
			children = (
				B91067FF210B18EC00B9449E /* AppDelegate.swift */,
				B9106803210B18EC00B9449E /* Main.storyboard */,
				B9106806210B18F400B9449E /* Assets.xcassets */,
				B9106808210B18F400B9449E /* LaunchScreen.storyboard */,
				B910680B210B18F400B9449E /* Info.plist */,
			);
			path = DefaultMain;
			sourceTree = "<group>";
		};
		B9106830210B199700B9449E /* Network */ = {
			isa = PBXGroup;
			children = (
				B9106836210B1A7F00B9449E /* APIClient.swift */,
			);
			path = Network;
			sourceTree = "<group>";
		};
		B9106833210B19D900B9449E /* Model */ = {
			isa = PBXGroup;
			children = (
				B9106834210B19EF00B9449E /* ResultModel.swift */,
				B9F8632B210B382200600677 /* ItemModel.swift */,
				B9F8632D210B384400600677 /* MediaItem.swift */,
				B9F86339210B61E700600677 /* DynamicValue.swift */,
			);
			path = Model;
			sourceTree = "<group>";
		};
		B9F8632F210B3AB400600677 /* View */ = {
			isa = PBXGroup;
			children = (
				B9F86332210B3E6200600677 /* View */,
				B9F86330210B3ABB00600677 /* Controllers */,
			);
			path = View;
			sourceTree = "<group>";
		};
		B9F86330210B3ABB00600677 /* Controllers */ = {
			isa = PBXGroup;
			children = (
				B9106801210B18EC00B9449E /* ViewController.swift */,
				B9F8633B210B6F0400600677 /* DetailViewController.swift */,
			);
			path = Controllers;
			sourceTree = "<group>";
		};
		B9F86331210B3ADC00600677 /* ViewModel */ = {
			isa = PBXGroup;
			children = (
				B9F86335210B60E200600677 /* ItemListViewModel.swift */,
				B9F86337210B612600600677 /* ItemListDataSource.swift */,
				B9F8633D210B794200600677 /* ItemCellViewModel.swift */,
			);
			path = ViewModel;
			sourceTree = "<group>";
		};
		B9F86332210B3E6200600677 /* View */ = {
			isa = PBXGroup;
			children = (
				B9F86333210B3E7C00600677 /* ItemViewCell.swift */,
			);
			path = View;
			sourceTree = "<group>";
		};
/* End PBXGroup section */

/* Begin PBXNativeTarget section */
		B91067FB210B18EC00B9449E /* iOSTechAssessment */ = {
			isa = PBXNativeTarget;
			buildConfigurationList = B9106824210B18F400B9449E /* Build configuration list for PBXNativeTarget "iOSTechAssessment" */;
			buildPhases = (
				B91067F8210B18EC00B9449E /* Sources */,
				B91067F9210B18EC00B9449E /* Frameworks */,
				B91067FA210B18EC00B9449E /* Resources */,
			);
			buildRules = (
			);
			dependencies = (
			);
			name = iOSTechAssessment;
			productName = iOSTechAssessment;
			productReference = B91067FC210B18EC00B9449E /* iOSTechAssessment.app */;
			productType = "com.apple.product-type.application";
		};
		B910680F210B18F400B9449E /* iOSTechAssessmentTests */ = {
			isa = PBXNativeTarget;
			buildConfigurationList = B9106827210B18F400B9449E /* Build configuration list for PBXNativeTarget "iOSTechAssessmentTests" */;
			buildPhases = (
				B910680C210B18F400B9449E /* Sources */,
				B910680D210B18F400B9449E /* Frameworks */,
				B910680E210B18F400B9449E /* Resources */,
			);
			buildRules = (
			);
			dependencies = (
				B9106812210B18F400B9449E /* PBXTargetDependency */,
			);
			name = iOSTechAssessmentTests;
			productName = iOSTechAssessmentTests;
			productReference = B9106810210B18F400B9449E /* iOSTechAssessmentTests.xctest */;
			productType = "com.apple.product-type.bundle.unit-test";
		};
		B910681A210B18F400B9449E /* iOSTechAssessmentUITests */ = {
			isa = PBXNativeTarget;
			buildConfigurationList = B910682A210B18F400B9449E /* Build configuration list for PBXNativeTarget "iOSTechAssessmentUITests" */;
			buildPhases = (
				B9106817210B18F400B9449E /* Sources */,
				B9106818210B18F400B9449E /* Frameworks */,
				B9106819210B18F400B9449E /* Resources */,
			);
			buildRules = (
			);
			dependencies = (
				B910681D210B18F400B9449E /* PBXTargetDependency */,
			);
			name = iOSTechAssessmentUITests;
			productName = iOSTechAssessmentUITests;
			productReference = B910681B210B18F400B9449E /* iOSTechAssessmentUITests.xctest */;
			productType = "com.apple.product-type.bundle.ui-testing";
		};
/* End PBXNativeTarget section */

/* Begin PBXProject section */
		B91067F4210B18EC00B9449E /* Project object */ = {
			isa = PBXProject;
			attributes = {
				LastSwiftUpdateCheck = 0940;
				LastUpgradeCheck = 0940;
				ORGANIZATIONNAME = VBT;
				TargetAttributes = {
					B91067FB210B18EC00B9449E = {
						CreatedOnToolsVersion = 9.4.1;
					};
					B910680F210B18F400B9449E = {
						CreatedOnToolsVersion = 9.4.1;
						TestTargetID = B91067FB210B18EC00B9449E;
					};
					B910681A210B18F400B9449E = {
						CreatedOnToolsVersion = 9.4.1;
						TestTargetID = B91067FB210B18EC00B9449E;
					};
				};
			};
			buildConfigurationList = B91067F7210B18EC00B9449E /* Build configuration list for PBXProject "iOSTechAssessment" */;
			compatibilityVersion = "Xcode 9.3";
			developmentRegion = en;
			hasScannedForEncodings = 0;
			knownRegions = (
				en,
				Base,
			);
			mainGroup = B91067F3210B18EC00B9449E;
			productRefGroup = B91067FD210B18EC00B9449E /* Products */;
			projectDirPath = "";
			projectRoot = "";
			targets = (
				B91067FB210B18EC00B9449E /* iOSTechAssessment */,
				B910680F210B18F400B9449E /* iOSTechAssessmentTests */,
				B910681A210B18F400B9449E /* iOSTechAssessmentUITests */,
			);
		};
/* End PBXProject section */

/* Begin PBXResourcesBuildPhase section */
		B91067FA210B18EC00B9449E /* Resources */ = {
			isa = PBXResourcesBuildPhase;
			buildActionMask = 2147483647;
			files = (
				B910680A210B18F400B9449E /* LaunchScreen.storyboard in Resources */,
				B9106807210B18F400B9449E /* Assets.xcassets in Resources */,
				B9106805210B18EC00B9449E /* Main.storyboard in Resources */,
			);
			runOnlyForDeploymentPostprocessing = 0;
		};
		B910680E210B18F400B9449E /* Resources */ = {
			isa = PBXResourcesBuildPhase;
			buildActionMask = 2147483647;
			files = (
			);
			runOnlyForDeploymentPostprocessing = 0;
		};
		B9106819210B18F400B9449E /* Resources */ = {
			isa = PBXResourcesBuildPhase;
			buildActionMask = 2147483647;
			files = (
			);
			runOnlyForDeploymentPostprocessing = 0;
		};
/* End PBXResourcesBuildPhase section */

/* Begin PBXSourcesBuildPhase section */
		B91067F8210B18EC00B9449E /* Sources */ = {
			isa = PBXSourcesBuildPhase;
			buildActionMask = 2147483647;
			files = (
				B9F8633C210B6F0400600677 /* DetailViewController.swift in Sources */,
				B9F86334210B3E7C00600677 /* ItemViewCell.swift in Sources */,
				B9F86336210B60E200600677 /* ItemListViewModel.swift in Sources */,
				B9F86338210B612600600677 /* ItemListDataSource.swift in Sources */,
				B9F8632C210B382200600677 /* ItemModel.swift in Sources */,
				B9F8633E210B794200600677 /* ItemCellViewModel.swift in Sources */,
				B9106835210B19EF00B9449E /* ResultModel.swift in Sources */,
				B9106802210B18EC00B9449E /* ViewController.swift in Sources */,
				B9106837210B1A7F00B9449E /* APIClient.swift in Sources */,
				B9F8633A210B61E700600677 /* DynamicValue.swift in Sources */,
				B9106800210B18EC00B9449E /* AppDelegate.swift in Sources */,
				B9F8632E210B384400600677 /* MediaItem.swift in Sources */,
			);
			runOnlyForDeploymentPostprocessing = 0;
		};
		B910680C210B18F400B9449E /* Sources */ = {
			isa = PBXSourcesBuildPhase;
			buildActionMask = 2147483647;
			files = (
				B9106815210B18F400B9449E /* iOSTechAssessmentTests.swift in Sources */,
			);
			runOnlyForDeploymentPostprocessing = 0;
		};
		B9106817210B18F400B9449E /* Sources */ = {
			isa = PBXSourcesBuildPhase;
			buildActionMask = 2147483647;
			files = (
				B9106820210B18F400B9449E /* iOSTechAssessmentUITests.swift in Sources */,
			);
			runOnlyForDeploymentPostprocessing = 0;
		};
/* End PBXSourcesBuildPhase section */

/* Begin PBXTargetDependency section */
		B9106812210B18F400B9449E /* PBXTargetDependency */ = {
			isa = PBXTargetDependency;
			target = B91067FB210B18EC00B9449E /* iOSTechAssessment */;
			targetProxy = B9106811210B18F400B9449E /* PBXContainerItemProxy */;
		};
		B910681D210B18F400B9449E /* PBXTargetDependency */ = {
			isa = PBXTargetDependency;
			target = B91067FB210B18EC00B9449E /* iOSTechAssessment */;
			targetProxy = B910681C210B18F400B9449E /* PBXContainerItemProxy */;
		};
/* End PBXTargetDependency section */

/* Begin PBXVariantGroup section */
		B9106803210B18EC00B9449E /* Main.storyboard */ = {
			isa = PBXVariantGroup;
			children = (
				B9106804210B18EC00B9449E /* Base */,
			);
			name = Main.storyboard;
			sourceTree = "<group>";
		};
		B9106808210B18F400B9449E /* LaunchScreen.storyboard */ = {
			isa = PBXVariantGroup;
			children = (
				B9106809210B18F400B9449E /* Base */,
			);
			name = LaunchScreen.storyboard;
			sourceTree = "<group>";
		};
/* End PBXVariantGroup section */

/* Begin XCBuildConfiguration section */
		B9106822210B18F400B9449E /* Debug */ = {
			isa = XCBuildConfiguration;
			buildSettings = {
				ALWAYS_SEARCH_USER_PATHS = NO;
				CLANG_ANALYZER_NONNULL = YES;
				CLANG_ANALYZER_NUMBER_OBJECT_CONVERSION = YES_AGGRESSIVE;
				CLANG_CXX_LANGUAGE_STANDARD = "gnu++14";
				CLANG_CXX_LIBRARY = "libc++";
				CLANG_ENABLE_MODULES = YES;
				CLANG_ENABLE_OBJC_ARC = YES;
				CLANG_ENABLE_OBJC_WEAK = YES;
				CLANG_WARN_BLOCK_CAPTURE_AUTORELEASING = YES;
				CLANG_WARN_BOOL_CONVERSION = YES;
				CLANG_WARN_COMMA = YES;
				CLANG_WARN_CONSTANT_CONVERSION = YES;
				CLANG_WARN_DEPRECATED_OBJC_IMPLEMENTATIONS = YES;
				CLANG_WARN_DIRECT_OBJC_ISA_USAGE = YES_ERROR;
				CLANG_WARN_DOCUMENTATION_COMMENTS = YES;
				CLANG_WARN_EMPTY_BODY = YES;
				CLANG_WARN_ENUM_CONVERSION = YES;
				CLANG_WARN_INFINITE_RECURSION = YES;
				CLANG_WARN_INT_CONVERSION = YES;
				CLANG_WARN_NON_LITERAL_NULL_CONVERSION = YES;
				CLANG_WARN_OBJC_IMPLICIT_RETAIN_SELF = YES;
				CLANG_WARN_OBJC_LITERAL_CONVERSION = YES;
				CLANG_WARN_OBJC_ROOT_CLASS = YES_ERROR;
				CLANG_WARN_RANGE_LOOP_ANALYSIS = YES;
				CLANG_WARN_STRICT_PROTOTYPES = YES;
				CLANG_WARN_SUSPICIOUS_MOVE = YES;
				CLANG_WARN_UNGUARDED_AVAILABILITY = YES_AGGRESSIVE;
				CLANG_WARN_UNREACHABLE_CODE = YES;
				CLANG_WARN__DUPLICATE_METHOD_MATCH = YES;
				CODE_SIGN_IDENTITY = "iPhone Developer";
				COPY_PHASE_STRIP = NO;
				DEBUG_INFORMATION_FORMAT = dwarf;
				ENABLE_STRICT_OBJC_MSGSEND = YES;
				ENABLE_TESTABILITY = YES;
				GCC_C_LANGUAGE_STANDARD = gnu11;
				GCC_DYNAMIC_NO_PIC = NO;
				GCC_NO_COMMON_BLOCKS = YES;
				GCC_OPTIMIZATION_LEVEL = 0;
				GCC_PREPROCESSOR_DEFINITIONS = (
					"DEBUG=1",
					"$(inherited)",
				);
				GCC_WARN_64_TO_32_BIT_CONVERSION = YES;
				GCC_WARN_ABOUT_RETURN_TYPE = YES_ERROR;
				GCC_WARN_UNDECLARED_SELECTOR = YES;
				GCC_WARN_UNINITIALIZED_AUTOS = YES_AGGRESSIVE;
				GCC_WARN_UNUSED_FUNCTION = YES;
				GCC_WARN_UNUSED_VARIABLE = YES;
				IPHONEOS_DEPLOYMENT_TARGET = 11.4;
				MTL_ENABLE_DEBUG_INFO = YES;
				ONLY_ACTIVE_ARCH = YES;
				SDKROOT = iphoneos;
				SWIFT_ACTIVE_COMPILATION_CONDITIONS = DEBUG;
				SWIFT_OPTIMIZATION_LEVEL = "-Onone";
			};
			name = Debug;
		};
		B9106823210B18F400B9449E /* Release */ = {
			isa = XCBuildConfiguration;
			buildSettings = {
				ALWAYS_SEARCH_USER_PATHS = NO;
				CLANG_ANALYZER_NONNULL = YES;
				CLANG_ANALYZER_NUMBER_OBJECT_CONVERSION = YES_AGGRESSIVE;
				CLANG_CXX_LANGUAGE_STANDARD = "gnu++14";
				CLANG_CXX_LIBRARY = "libc++";
				CLANG_ENABLE_MODULES = YES;
				CLANG_ENABLE_OBJC_ARC = YES;
				CLANG_ENABLE_OBJC_WEAK = YES;
				CLANG_WARN_BLOCK_CAPTURE_AUTORELEASING = YES;
				CLANG_WARN_BOOL_CONVERSION = YES;
				CLANG_WARN_COMMA = YES;
				CLANG_WARN_CONSTANT_CONVERSION = YES;
				CLANG_WARN_DEPRECATED_OBJC_IMPLEMENTATIONS = YES;
				CLANG_WARN_DIRECT_OBJC_ISA_USAGE = YES_ERROR;
				CLANG_WARN_DOCUMENTATION_COMMENTS = YES;
				CLANG_WARN_EMPTY_BODY = YES;
				CLANG_WARN_ENUM_CONVERSION = YES;
				CLANG_WARN_INFINITE_RECURSION = YES;
				CLANG_WARN_INT_CONVERSION = YES;
				CLANG_WARN_NON_LITERAL_NULL_CONVERSION = YES;
				CLANG_WARN_OBJC_IMPLICIT_RETAIN_SELF = YES;
				CLANG_WARN_OBJC_LITERAL_CONVERSION = YES;
				CLANG_WARN_OBJC_ROOT_CLASS = YES_ERROR;
				CLANG_WARN_RANGE_LOOP_ANALYSIS = YES;
				CLANG_WARN_STRICT_PROTOTYPES = YES;
				CLANG_WARN_SUSPICIOUS_MOVE = YES;
				CLANG_WARN_UNGUARDED_AVAILABILITY = YES_AGGRESSIVE;
				CLANG_WARN_UNREACHABLE_CODE = YES;
				CLANG_WARN__DUPLICATE_METHOD_MATCH = YES;
				CODE_SIGN_IDENTITY = "iPhone Developer";
				COPY_PHASE_STRIP = NO;
				DEBUG_INFORMATION_FORMAT = "dwarf-with-dsym";
				ENABLE_NS_ASSERTIONS = NO;
				ENABLE_STRICT_OBJC_MSGSEND = YES;
				GCC_C_LANGUAGE_STANDARD = gnu11;
				GCC_NO_COMMON_BLOCKS = YES;
				GCC_WARN_64_TO_32_BIT_CONVERSION = YES;
				GCC_WARN_ABOUT_RETURN_TYPE = YES_ERROR;
				GCC_WARN_UNDECLARED_SELECTOR = YES;
				GCC_WARN_UNINITIALIZED_AUTOS = YES_AGGRESSIVE;
				GCC_WARN_UNUSED_FUNCTION = YES;
				GCC_WARN_UNUSED_VARIABLE = YES;
				IPHONEOS_DEPLOYMENT_TARGET = 11.4;
				MTL_ENABLE_DEBUG_INFO = NO;
				SDKROOT = iphoneos;
				SWIFT_COMPILATION_MODE = wholemodule;
				SWIFT_OPTIMIZATION_LEVEL = "-O";
				VALIDATE_PRODUCT = YES;
			};
			name = Release;
		};
		B9106825210B18F400B9449E /* Debug */ = {
			isa = XCBuildConfiguration;
			buildSettings = {
				ASSETCATALOG_COMPILER_APPICON_NAME = AppIcon;
				CODE_SIGN_STYLE = Automatic;
				INFOPLIST_FILE = "$(SRCROOT)/iOSTechAssessment/DefaultMain/Info.plist";
				LD_RUNPATH_SEARCH_PATHS = (
					"$(inherited)",
					"@executable_path/Frameworks",
				);
				PRODUCT_BUNDLE_IDENTIFIER = com.vbt.iOSTechAssessment;
				PRODUCT_NAME = "$(TARGET_NAME)";
				SWIFT_VERSION = 4.0;
				TARGETED_DEVICE_FAMILY = "1,2";
			};
			name = Debug;
		};
		B9106826210B18F400B9449E /* Release */ = {
			isa = XCBuildConfiguration;
			buildSettings = {
				ASSETCATALOG_COMPILER_APPICON_NAME = AppIcon;
				CODE_SIGN_STYLE = Automatic;
				INFOPLIST_FILE = "$(SRCROOT)/iOSTechAssessment/DefaultMain/Info.plist";
				LD_RUNPATH_SEARCH_PATHS = (
					"$(inherited)",
					"@executable_path/Frameworks",
				);
				PRODUCT_BUNDLE_IDENTIFIER = com.vbt.iOSTechAssessment;
				PRODUCT_NAME = "$(TARGET_NAME)";
				SWIFT_VERSION = 4.0;
				TARGETED_DEVICE_FAMILY = "1,2";
			};
			name = Release;
		};
		B9106828210B18F400B9449E /* Debug */ = {
			isa = XCBuildConfiguration;
			buildSettings = {
				ALWAYS_EMBED_SWIFT_STANDARD_LIBRARIES = YES;
				BUNDLE_LOADER = "$(TEST_HOST)";
				CODE_SIGN_STYLE = Automatic;
				INFOPLIST_FILE = iOSTechAssessmentTests/Info.plist;
				LD_RUNPATH_SEARCH_PATHS = (
					"$(inherited)",
					"@executable_path/Frameworks",
					"@loader_path/Frameworks",
				);
				PRODUCT_BUNDLE_IDENTIFIER = com.vbt.iOSTechAssessmentTests;
				PRODUCT_NAME = "$(TARGET_NAME)";
				SWIFT_VERSION = 4.0;
				TARGETED_DEVICE_FAMILY = "1,2";
				TEST_HOST = "$(BUILT_PRODUCTS_DIR)/iOSTechAssessment.app/iOSTechAssessment";
			};
			name = Debug;
		};
		B9106829210B18F400B9449E /* Release */ = {
			isa = XCBuildConfiguration;
			buildSettings = {
				ALWAYS_EMBED_SWIFT_STANDARD_LIBRARIES = YES;
				BUNDLE_LOADER = "$(TEST_HOST)";
				CODE_SIGN_STYLE = Automatic;
				INFOPLIST_FILE = iOSTechAssessmentTests/Info.plist;
				LD_RUNPATH_SEARCH_PATHS = (
					"$(inherited)",
					"@executable_path/Frameworks",
					"@loader_path/Frameworks",
				);
				PRODUCT_BUNDLE_IDENTIFIER = com.vbt.iOSTechAssessmentTests;
				PRODUCT_NAME = "$(TARGET_NAME)";
				SWIFT_VERSION = 4.0;
				TARGETED_DEVICE_FAMILY = "1,2";
				TEST_HOST = "$(BUILT_PRODUCTS_DIR)/iOSTechAssessment.app/iOSTechAssessment";
			};
			name = Release;
		};
		B910682B210B18F400B9449E /* Debug */ = {
			isa = XCBuildConfiguration;
			buildSettings = {
				ALWAYS_EMBED_SWIFT_STANDARD_LIBRARIES = YES;
				CODE_SIGN_STYLE = Automatic;
				INFOPLIST_FILE = iOSTechAssessmentUITests/Info.plist;
				LD_RUNPATH_SEARCH_PATHS = (
					"$(inherited)",
					"@executable_path/Frameworks",
					"@loader_path/Frameworks",
				);
				PRODUCT_BUNDLE_IDENTIFIER = com.vbt.iOSTechAssessmentUITests;
				PRODUCT_NAME = "$(TARGET_NAME)";
				SWIFT_VERSION = 4.0;
				TARGETED_DEVICE_FAMILY = "1,2";
				TEST_TARGET_NAME = iOSTechAssessment;
			};
			name = Debug;
		};
		B910682C210B18F400B9449E /* Release */ = {
			isa = XCBuildConfiguration;
			buildSettings = {
				ALWAYS_EMBED_SWIFT_STANDARD_LIBRARIES = YES;
				CODE_SIGN_STYLE = Automatic;
				INFOPLIST_FILE = iOSTechAssessmentUITests/Info.plist;
				LD_RUNPATH_SEARCH_PATHS = (
					"$(inherited)",
					"@executable_path/Frameworks",
					"@loader_path/Frameworks",
				);
				PRODUCT_BUNDLE_IDENTIFIER = com.vbt.iOSTechAssessmentUITests;
				PRODUCT_NAME = "$(TARGET_NAME)";
				SWIFT_VERSION = 4.0;
				TARGETED_DEVICE_FAMILY = "1,2";
				TEST_TARGET_NAME = iOSTechAssessment;
			};
			name = Release;
		};
/* End XCBuildConfiguration section */

/* Begin XCConfigurationList section */
		B91067F7210B18EC00B9449E /* Build configuration list for PBXProject "iOSTechAssessment" */ = {
			isa = XCConfigurationList;
			buildConfigurations = (
				B9106822210B18F400B9449E /* Debug */,
				B9106823210B18F400B9449E /* Release */,
			);
			defaultConfigurationIsVisible = 0;
			defaultConfigurationName = Release;
		};
		B9106824210B18F400B9449E /* Build configuration list for PBXNativeTarget "iOSTechAssessment" */ = {
			isa = XCConfigurationList;
			buildConfigurations = (
				B9106825210B18F400B9449E /* Debug */,
				B9106826210B18F400B9449E /* Release */,
			);
			defaultConfigurationIsVisible = 0;
			defaultConfigurationName = Release;
		};
		B9106827210B18F400B9449E /* Build configuration list for PBXNativeTarget "iOSTechAssessmentTests" */ = {
			isa = XCConfigurationList;
			buildConfigurations = (
				B9106828210B18F400B9449E /* Debug */,
				B9106829210B18F400B9449E /* Release */,
			);
			defaultConfigurationIsVisible = 0;
			defaultConfigurationName = Release;
		};
		B910682A210B18F400B9449E /* Build configuration list for PBXNativeTarget "iOSTechAssessmentUITests" */ = {
			isa = XCConfigurationList;
			buildConfigurations = (
				B910682B210B18F400B9449E /* Debug */,
				B910682C210B18F400B9449E /* Release */,
			);
			defaultConfigurationIsVisible = 0;
			defaultConfigurationName = Release;
		};
/* End XCConfigurationList section */
	};
	rootObject = B91067F4210B18EC00B9449E /* Project object */;
}
